
Microsoft Visual Studio Solution File, Format Version 12.00
# Visual Studio 15
VisualStudioVersion = 15.0.28307.271
MinimumVisualStudioVersion = 10.0.40219.1
Project("{FAE04EC0-301F-11D3-BF4B-00C04F79EFBC}") = "REBU carSharing System", "REBU carSharing System\REBU carSharing System.csproj", "{0846DF61-C30D-48C1-BE8E-4D7006CF2206}"
EndProject
Global
	GlobalSection(SolutionConfigurationPlatforms) = preSolution
		Debug|Any CPU = Debug|Any CPU
		Release|Any CPU = Release|Any CPU
	EndGlobalSection
	GlobalSection(ProjectConfigurationPlatforms) = postSolution
		{0846DF61-C30D-48C1-BE8E-4D7006CF2206}.Debug|Any CPU.ActiveCfg = Debug|Any CPU
		{0846DF61-C30D-48C1-BE8E-4D7006CF2206}.Debug|Any CPU.Build.0 = Debug|Any CPU
		{0846DF61-C30D-48C1-BE8E-4D7006CF2206}.Release|Any CPU.ActiveCfg = Release|Any CPU
		{0846DF61-C30D-48C1-BE8E-4D7006CF2206}.Release|Any CPU.Build.0 = Release|Any CPU
	EndGlobalSection
	GlobalSection(SolutionProperties) = preSolution
		HideSolutionNode = FALSE
	EndGlobalSection
	GlobalSection(ExtensibilityGlobals) = postSolution
		SolutionGuid = {18EA3030-7AB7-49E9-8807-501F4A286F8C}
	EndGlobalSection
EndGlobal
